
Microsoft Visual Studio Solution File, Format Version 12.00
# Visual Studio Version 17
VisualStudioVersion = 17.0.31903.59
MinimumVisualStudioVersion = 10.0.40219.1
Project("{2150E333-8FDC-42A3-9474-1A3956D46DE8}") = "src", "src", "{827E0CD3-B72D-47B6-A68D-7590B98EB39B}"
EndProject
Project("{F2A71F9B-5D33-465A-A702-920D77279786}") = "Fable.MarkdownIt", "src\Fable.MarkdownIt\Fable.MarkdownIt.fsproj", "{CC8B0620-000B-4070-BE2A-08EA558F5CFF}"
EndProject
Project("{2150E333-8FDC-42A3-9474-1A3956D46DE8}") = "config", "config", "{27CC8DD7-A8E7-4EF1-B626-41A91225DBD0}"
	ProjectSection(SolutionItems) = preProject
		.editorconfig = .editorconfig
		.gitignore = .gitignore
		Directory.Build.props = Directory.Build.props
		Directory.Packages.props = Directory.Packages.props
		package.json = package.json
		.config\dotnet-tools.json = .config\dotnet-tools.json
	EndProjectSection
EndProject
Project("{F2A71F9B-5D33-465A-A702-920D77279786}") = "Fable.LinkifyIt", "src\Fable.LinkifyIt\Fable.LinkifyIt.fsproj", "{D752B652-DE44-4B92-B356-47011DEC03D5}"
EndProject
Project("{2150E333-8FDC-42A3-9474-1A3956D46DE8}") = "sample", "sample", "{4F9DEAE5-078F-E77A-2E4A-FEB6FFE226FF}"
EndProject
Project("{F2A71F9B-5D33-465A-A702-920D77279786}") = "Simple", "sample\Simple\Simple.fsproj", "{BBA571F8-6E59-4B4F-9566-4388A9E6BAF6}"
EndProject
Project("{2150E333-8FDC-42A3-9474-1A3956D46DE8}") = "github", "github", "{4BA0BD8A-1D20-42EA-A7C8-75C11FFED170}"
	ProjectSection(SolutionItems) = preProject
		.github\workflows\build.yml = .github\workflows\build.yml
		.github\workflows\publish.yml = .github\workflows\publish.yml
	EndProjectSection
EndProject
Global
	GlobalSection(SolutionConfigurationPlatforms) = preSolution
		Debug|Any CPU = Debug|Any CPU
		Debug|x64 = Debug|x64
		Debug|x86 = Debug|x86
		Release|Any CPU = Release|Any CPU
		Release|x64 = Release|x64
		Release|x86 = Release|x86
	EndGlobalSection
	GlobalSection(ProjectConfigurationPlatforms) = postSolution
		{CC8B0620-000B-4070-BE2A-08EA558F5CFF}.Debug|Any CPU.ActiveCfg = Debug|Any CPU
		{CC8B0620-000B-4070-BE2A-08EA558F5CFF}.Debug|Any CPU.Build.0 = Debug|Any CPU
		{CC8B0620-000B-4070-BE2A-08EA558F5CFF}.Debug|x64.ActiveCfg = Debug|Any CPU
		{CC8B0620-000B-4070-BE2A-08EA558F5CFF}.Debug|x64.Build.0 = Debug|Any CPU
		{CC8B0620-000B-4070-BE2A-08EA558F5CFF}.Debug|x86.ActiveCfg = Debug|Any CPU
		{CC8B0620-000B-4070-BE2A-08EA558F5CFF}.Debug|x86.Build.0 = Debug|Any CPU
		{CC8B0620-000B-4070-BE2A-08EA558F5CFF}.Release|Any CPU.ActiveCfg = Release|Any CPU
		{CC8B0620-000B-4070-BE2A-08EA558F5CFF}.Release|Any CPU.Build.0 = Release|Any CPU
		{CC8B0620-000B-4070-BE2A-08EA558F5CFF}.Release|x64.ActiveCfg = Release|Any CPU
		{CC8B0620-000B-4070-BE2A-08EA558F5CFF}.Release|x64.Build.0 = Release|Any CPU
		{CC8B0620-000B-4070-BE2A-08EA558F5CFF}.Release|x86.ActiveCfg = Release|Any CPU
		{CC8B0620-000B-4070-BE2A-08EA558F5CFF}.Release|x86.Build.0 = Release|Any CPU
		{D752B652-DE44-4B92-B356-47011DEC03D5}.Debug|Any CPU.ActiveCfg = Debug|Any CPU
		{D752B652-DE44-4B92-B356-47011DEC03D5}.Debug|Any CPU.Build.0 = Debug|Any CPU
		{D752B652-DE44-4B92-B356-47011DEC03D5}.Debug|x64.ActiveCfg = Debug|Any CPU
		{D752B652-DE44-4B92-B356-47011DEC03D5}.Debug|x64.Build.0 = Debug|Any CPU
		{D752B652-DE44-4B92-B356-47011DEC03D5}.Debug|x86.ActiveCfg = Debug|Any CPU
		{D752B652-DE44-4B92-B356-47011DEC03D5}.Debug|x86.Build.0 = Debug|Any CPU
		{D752B652-DE44-4B92-B356-47011DEC03D5}.Release|Any CPU.ActiveCfg = Release|Any CPU
		{D752B652-DE44-4B92-B356-47011DEC03D5}.Release|Any CPU.Build.0 = Release|Any CPU
		{D752B652-DE44-4B92-B356-47011DEC03D5}.Release|x64.ActiveCfg = Release|Any CPU
		{D752B652-DE44-4B92-B356-47011DEC03D5}.Release|x64.Build.0 = Release|Any CPU
		{D752B652-DE44-4B92-B356-47011DEC03D5}.Release|x86.ActiveCfg = Release|Any CPU
		{D752B652-DE44-4B92-B356-47011DEC03D5}.Release|x86.Build.0 = Release|Any CPU
		{BBA571F8-6E59-4B4F-9566-4388A9E6BAF6}.Debug|Any CPU.ActiveCfg = Debug|Any CPU
		{BBA571F8-6E59-4B4F-9566-4388A9E6BAF6}.Debug|Any CPU.Build.0 = Debug|Any CPU
		{BBA571F8-6E59-4B4F-9566-4388A9E6BAF6}.Debug|x64.ActiveCfg = Debug|Any CPU
		{BBA571F8-6E59-4B4F-9566-4388A9E6BAF6}.Debug|x64.Build.0 = Debug|Any CPU
		{BBA571F8-6E59-4B4F-9566-4388A9E6BAF6}.Debug|x86.ActiveCfg = Debug|Any CPU
		{BBA571F8-6E59-4B4F-9566-4388A9E6BAF6}.Debug|x86.Build.0 = Debug|Any CPU
		{BBA571F8-6E59-4B4F-9566-4388A9E6BAF6}.Release|Any CPU.ActiveCfg = Release|Any CPU
		{BBA571F8-6E59-4B4F-9566-4388A9E6BAF6}.Release|Any CPU.Build.0 = Release|Any CPU
		{BBA571F8-6E59-4B4F-9566-4388A9E6BAF6}.Release|x64.ActiveCfg = Release|Any CPU
		{BBA571F8-6E59-4B4F-9566-4388A9E6BAF6}.Release|x64.Build.0 = Release|Any CPU
		{BBA571F8-6E59-4B4F-9566-4388A9E6BAF6}.Release|x86.ActiveCfg = Release|Any CPU
		{BBA571F8-6E59-4B4F-9566-4388A9E6BAF6}.Release|x86.Build.0 = Release|Any CPU
	EndGlobalSection
	GlobalSection(SolutionProperties) = preSolution
		HideSolutionNode = FALSE
	EndGlobalSection
	GlobalSection(NestedProjects) = preSolution
		{CC8B0620-000B-4070-BE2A-08EA558F5CFF} = {827E0CD3-B72D-47B6-A68D-7590B98EB39B}
		{D752B652-DE44-4B92-B356-47011DEC03D5} = {827E0CD3-B72D-47B6-A68D-7590B98EB39B}
		{BBA571F8-6E59-4B4F-9566-4388A9E6BAF6} = {4F9DEAE5-078F-E77A-2E4A-FEB6FFE226FF}
	EndGlobalSection
EndGlobal
